// !$*UTF8*$!
{
	archiveVersion = 1;
	classes = {
	};
	objectVersion = 46;
	objects = {

/* Begin PBXBuildFile section */
		794B4FE41908136B00A114CF /* Foundation.framework in Frameworks */ = {isa = PBXBuildFile; fileRef = 794B4FE31908136B00A114CF /* Foundation.framework */; };
		794B4FE61908136B00A114CF /* CoreGraphics.framework in Frameworks */ = {isa = PBXBuildFile; fileRef = 794B4FE51908136B00A114CF /* CoreGraphics.framework */; };
		794B4FE81908136B00A114CF /* UIKit.framework in Frameworks */ = {isa = PBXBuildFile; fileRef = 794B4FE71908136B00A114CF /* UIKit.framework */; };
		794B4FEE1908136B00A114CF /* InfoPlist.strings in Resources */ = {isa = PBXBuildFile; fileRef = 794B4FEC1908136B00A114CF /* InfoPlist.strings */; };
		794B4FF01908136B00A114CF /* main.m in Sources */ = {isa = PBXBuildFile; fileRef = 794B4FEF1908136B00A114CF /* main.m */; };
		794B4FF41908136B00A114CF /* AppDelegate.m in Sources */ = {isa = PBXBuildFile; fileRef = 794B4FF31908136B00A114CF /* AppDelegate.m */; };
		794B4FF71908136B00A114CF /* Main.storyboard in Resources */ = {isa = PBXBuildFile; fileRef = 794B4FF51908136B00A114CF /* Main.storyboard */; };
		794B4FFA1908136B00A114CF /* ViewController.m in Sources */ = {isa = PBXBuildFile; fileRef = 794B4FF91908136B00A114CF /* ViewController.m */; };
		794B4FFC1908136B00A114CF /* Images.xcassets in Resources */ = {isa = PBXBuildFile; fileRef = 794B4FFB1908136B00A114CF /* Images.xcassets */; };
		794B50031908136B00A114CF /* XCTest.framework in Frameworks */ = {isa = PBXBuildFile; fileRef = 794B50021908136B00A114CF /* XCTest.framework */; };
		794B50041908136B00A114CF /* Foundation.framework in Frameworks */ = {isa = PBXBuildFile; fileRef = 794B4FE31908136B00A114CF /* Foundation.framework */; };
		794B50051908136B00A114CF /* UIKit.framework in Frameworks */ = {isa = PBXBuildFile; fileRef = 794B4FE71908136B00A114CF /* UIKit.framework */; };
		794B500D1908136B00A114CF /* InfoPlist.strings in Resources */ = {isa = PBXBuildFile; fileRef = 794B500B1908136B00A114CF /* InfoPlist.strings */; };
		794B500F1908136B00A114CF /* HelloWorldTests.m in Sources */ = {isa = PBXBuildFile; fileRef = 794B500E1908136B00A114CF /* HelloWorldTests.m */; };
/* End PBXBuildFile section */

/* Begin PBXContainerItemProxy section */
		794B50061908136B00A114CF /* PBXContainerItemProxy */ = {
			isa = PBXContainerItemProxy;
			containerPortal = 794B4FD81908136B00A114CF /* Project object */;
			proxyType = 1;
			remoteGlobalIDString = 794B4FDF1908136B00A114CF;
			remoteInfo = HelloWorld;
		};
/* End PBXContainerItemProxy section */

/* Begin PBXFileReference section */
		794B4FE01908136B00A114CF /* HelloWorld.app */ = {isa = PBXFileReference; explicitFileType = wrapper.application; includeInIndex = 0; path = HelloWorld.app; sourceTree = BUILT_PRODUCTS_DIR; };
		794B4FE31908136B00A114CF /* Foundation.framework */ = {isa = PBXFileReference; lastKnownFileType = wrapper.framework; name = Foundation.framework; path = System/Library/Frameworks/Foundation.framework; sourceTree = SDKROOT; };
		794B4FE51908136B00A114CF /* CoreGraphics.framework */ = {isa = PBXFileReference; lastKnownFileType = wrapper.framework; name = CoreGraphics.framework; path = System/Library/Frameworks/CoreGraphics.framework; sourceTree = SDKROOT; };
		794B4FE71908136B00A114CF /* UIKit.framework */ = {isa = PBXFileReference; lastKnownFileType = wrapper.framework; name = UIKit.framework; path = System/Library/Frameworks/UIKit.framework; sourceTree = SDKROOT; };
		794B4FEB1908136B00A114CF /* HelloWorld-Info.plist */ = {isa = PBXFileReference; lastKnownFileType = text.plist.xml; path = "HelloWorld-Info.plist"; sourceTree = "<group>"; };
		794B4FED1908136B00A114CF /* en */ = {isa = PBXFileReference; lastKnownFileType = text.plist.strings; name = en; path = en.lproj/InfoPlist.strings; sourceTree = "<group>"; };
		794B4FEF1908136B00A114CF /* main.m */ = {isa = PBXFileReference; lastKnownFileType = sourcecode.c.objc; path = main.m; sourceTree = "<group>"; };
		794B4FF11908136B00A114CF /* HelloWorld-Prefix.pch */ = {isa = PBXFileReference; lastKnownFileType = sourcecode.c.h; path = "HelloWorld-Prefix.pch"; sourceTree = "<group>"; };
		794B4FF21908136B00A114CF /* AppDelegate.h */ = {isa = PBXFileReference; lastKnownFileType = sourcecode.c.h; path = AppDelegate.h; sourceTree = "<group>"; };
		794B4FF31908136B00A114CF /* AppDelegate.m */ = {isa = PBXFileReference; lastKnownFileType = sourcecode.c.objc; path = AppDelegate.m; sourceTree = "<group>"; };
		794B4FF61908136B00A114CF /* Base */ = {isa = PBXFileReference; lastKnownFileType = file.storyboard; name = Base; path = Base.lproj/Main.storyboard; sourceTree = "<group>"; };
		794B4FF81908136B00A114CF /* ViewController.h */ = {isa = PBXFileReference; lastKnownFileType = sourcecode.c.h; path = ViewController.h; sourceTree = "<group>"; };
		794B4FF91908136B00A114CF /* ViewController.m */ = {isa = PBXFileReference; lastKnownFileType = sourcecode.c.objc; path = ViewController.m; sourceTree = "<group>"; };
		794B4FFB1908136B00A114CF /* Images.xcassets */ = {isa = PBXFileReference; lastKnownFileType = folder.assetcatalog; path = Images.xcassets; sourceTree = "<group>"; };
		794B50011908136B00A114CF /* HelloWorldTests.xctest */ = {isa = PBXFileReference; explicitFileType = wrapper.cfbundle; includeInIndex = 0; path = HelloWorldTests.xctest; sourceTree = BUILT_PRODUCTS_DIR; };
		794B50021908136B00A114CF /* XCTest.framework */ = {isa = PBXFileReference; lastKnownFileType = wrapper.framework; name = XCTest.framework; path = Library/Frameworks/XCTest.framework; sourceTree = DEVELOPER_DIR; };
		794B500A1908136B00A114CF /* HelloWorldTests-Info.plist */ = {isa = PBXFileReference; lastKnownFileType = text.plist.xml; path = "HelloWorldTests-Info.plist"; sourceTree = "<group>"; };
		794B500C1908136B00A114CF /* en */ = {isa = PBXFileReference; lastKnownFileType = text.plist.strings; name = en; path = en.lproj/InfoPlist.strings; sourceTree = "<group>"; };
		794B500E1908136B00A114CF /* HelloWorldTests.m */ = {isa = PBXFileReference; lastKnownFileType = sourcecode.c.objc; path = HelloWorldTests.m; sourceTree = "<group>"; };
/* End PBXFileReference section */

/* Begin PBXFrameworksBuildPhase section */
		794B4FDD1908136B00A114CF /* Frameworks */ = {
			isa = PBXFrameworksBuildPhase;
			buildActionMask = 2147483647;
			files = (
				794B4FE61908136B00A114CF /* CoreGraphics.framework in Frameworks */,
				794B4FE81908136B00A114CF /* UIKit.framework in Frameworks */,
				794B4FE41908136B00A114CF /* Foundation.framework in Frameworks */,
			);
			runOnlyForDeploymentPostprocessing = 0;
		};
		794B4FFE1908136B00A114CF /* Frameworks */ = {
			isa = PBXFrameworksBuildPhase;
			buildActionMask = 2147483647;
			files = (
				794B50031908136B00A114CF /* XCTest.framework in Frameworks */,
				794B50051908136B00A114CF /* UIKit.framework in Frameworks */,
				794B50041908136B00A114CF /* Foundation.framework in Frameworks */,
			);
			runOnlyForDeploymentPostprocessing = 0;
		};
/* End PBXFrameworksBuildPhase section */

/* Begin PBXGroup section */
		794B4FD71908136B00A114CF = {
			isa = PBXGroup;
			children = (
				794B4FE91908136B00A114CF /* HelloWorld */,
				794B50081908136B00A114CF /* HelloWorldTests */,
				794B4FE21908136B00A114CF /* Frameworks */,
				794B4FE11908136B00A114CF /* Products */,
			);
			sourceTree = "<group>";
		};
		794B4FE11908136B00A114CF /* Products */ = {
			isa = PBXGroup;
			children = (
				794B4FE01908136B00A114CF /* HelloWorld.app */,
				794B50011908136B00A114CF /* HelloWorldTests.xctest */,
			);
			name = Products;
			sourceTree = "<group>";
		};
		794B4FE21908136B00A114CF /* Frameworks */ = {
			isa = PBXGroup;
			children = (
				794B4FE31908136B00A114CF /* Foundation.framework */,
				794B4FE51908136B00A114CF /* CoreGraphics.framework */,
				794B4FE71908136B00A114CF /* UIKit.framework */,
				794B50021908136B00A114CF /* XCTest.framework */,
			);
			name = Frameworks;
			sourceTree = "<group>";
		};
		794B4FE91908136B00A114CF /* HelloWorld */ = {
			isa = PBXGroup;
			children = (
				794B4FF21908136B00A114CF /* AppDelegate.h */,
				794B4FF31908136B00A114CF /* AppDelegate.m */,
				794B4FF51908136B00A114CF /* Main.storyboard */,
				794B4FF81908136B00A114CF /* ViewController.h */,
				794B4FF91908136B00A114CF /* ViewController.m */,
				794B4FFB1908136B00A114CF /* Images.xcassets */,
				794B4FEA1908136B00A114CF /* Supporting Files */,
			);
			path = HelloWorld;
			sourceTree = "<group>";
		};
		794B4FEA1908136B00A114CF /* Supporting Files */ = {
			isa = PBXGroup;
			children = (
				794B4FEB1908136B00A114CF /* HelloWorld-Info.plist */,
				794B4FEC1908136B00A114CF /* InfoPlist.strings */,
				794B4FEF1908136B00A114CF /* main.m */,
				794B4FF11908136B00A114CF /* HelloWorld-Prefix.pch */,
			);
			name = "Supporting Files";
			sourceTree = "<group>";
		};
		794B50081908136B00A114CF /* HelloWorldTests */ = {
			isa = PBXGroup;
			children = (
				794B500E1908136B00A114CF /* HelloWorldTests.m */,
				794B50091908136B00A114CF /* Supporting Files */,
			);
			path = HelloWorldTests;
			sourceTree = "<group>";
		};
		794B50091908136B00A114CF /* Supporting Files */ = {
			isa = PBXGroup;
			children = (
				794B500A1908136B00A114CF /* HelloWorldTests-Info.plist */,
				794B500B1908136B00A114CF /* InfoPlist.strings */,
			);
			name = "Supporting Files";
			sourceTree = "<group>";
		};
/* End PBXGroup section */

/* Begin PBXNativeTarget section */
		794B4FDF1908136B00A114CF /* HelloWorld */ = {
			isa = PBXNativeTarget;
			buildConfigurationList = 794B50121908136B00A114CF /* Build configuration list for PBXNativeTarget "HelloWorld" */;
			buildPhases = (
				794B4FDC1908136B00A114CF /* Sources */,
				794B4FDD1908136B00A114CF /* Frameworks */,
				794B4FDE1908136B00A114CF /* Resources */,
			);
			buildRules = (
			);
			dependencies = (
			);
			name = HelloWorld;
			productName = HelloWorld;
			productReference = 794B4FE01908136B00A114CF /* HelloWorld.app */;
			productType = "com.apple.product-type.application";
		};
		794B50001908136B00A114CF /* HelloWorldTests */ = {
			isa = PBXNativeTarget;
			buildConfigurationList = 794B50151908136B00A114CF /* Build configuration list for PBXNativeTarget "HelloWorldTests" */;
			buildPhases = (
				794B4FFD1908136B00A114CF /* Sources */,
				794B4FFE1908136B00A114CF /* Frameworks */,
				794B4FFF1908136B00A114CF /* Resources */,
			);
			buildRules = (
			);
			dependencies = (
				794B50071908136B00A114CF /* PBXTargetDependency */,
			);
			name = HelloWorldTests;
			productName = HelloWorldTests;
			productReference = 794B50011908136B00A114CF /* HelloWorldTests.xctest */;
			productType = "com.apple.product-type.bundle.unit-test";
		};
/* End PBXNativeTarget section */

/* Begin PBXProject section */
		794B4FD81908136B00A114CF /* Project object */ = {
			isa = PBXProject;
			attributes = {
				LastUpgradeCheck = 0510;
				ORGANIZATIONNAME = Junne;
				TargetAttributes = {
					794B50001908136B00A114CF = {
						TestTargetID = 794B4FDF1908136B00A114CF;
					};
				};
			};
			buildConfigurationList = 794B4FDB1908136B00A114CF /* Build configuration list for PBXProject "HelloWorld" */;
			compatibilityVersion = "Xcode 3.2";
			developmentRegion = English;
			hasScannedForEncodings = 0;
			knownRegions = (
				en,
				Base,
			);
			mainGroup = 794B4FD71908136B00A114CF;
			productRefGroup = 794B4FE11908136B00A114CF /* Products */;
			projectDirPath = "";
			projectRoot = "";
			targets = (
				794B4FDF1908136B00A114CF /* HelloWorld */,
				794B50001908136B00A114CF /* HelloWorldTests */,
			);
		};
/* End PBXProject section */

/* Begin PBXResourcesBuildPhase section */
		794B4FDE1908136B00A114CF /* Resources */ = {
			isa = PBXResourcesBuildPhase;
			buildActionMask = 2147483647;
			files = (
				794B4FFC1908136B00A114CF /* Images.xcassets in Resources */,
				794B4FEE1908136B00A114CF /* InfoPlist.strings in Resources */,
				794B4FF71908136B00A114CF /* Main.storyboard in Resources */,
			);
			runOnlyForDeploymentPostprocessing = 0;
		};
		794B4FFF1908136B00A114CF /* Resources */ = {
			isa = PBXResourcesBuildPhase;
			buildActionMask = 2147483647;
			files = (
				794B500D1908136B00A114CF /* InfoPlist.strings in Resources */,
			);
			runOnlyForDeploymentPostprocessing = 0;
		};
/* End PBXResourcesBuildPhase section */

/* Begin PBXSourcesBuildPhase section */
		794B4FDC1908136B00A114CF /* Sources */ = {
			isa = PBXSourcesBuildPhase;
			buildActionMask = 2147483647;
			files = (
				794B4FFA1908136B00A114CF /* ViewController.m in Sources */,
				794B4FF41908136B00A114CF /* AppDelegate.m in Sources */,
				794B4FF01908136B00A114CF /* main.m in Sources */,
			);
			runOnlyForDeploymentPostprocessing = 0;
		};
		794B4FFD1908136B00A114CF /* Sources */ = {
			isa = PBXSourcesBuildPhase;
			buildActionMask = 2147483647;
			files = (
				794B500F1908136B00A114CF /* HelloWorldTests.m in Sources */,
			);
			runOnlyForDeploymentPostprocessing = 0;
		};
/* End PBXSourcesBuildPhase section */

/* Begin PBXTargetDependency section */
		794B50071908136B00A114CF /* PBXTargetDependency */ = {
			isa = PBXTargetDependency;
			target = 794B4FDF1908136B00A114CF /* HelloWorld */;
			targetProxy = 794B50061908136B00A114CF /* PBXContainerItemProxy */;
		};
/* End PBXTargetDependency section */

/* Begin PBXVariantGroup section */
		794B4FEC1908136B00A114CF /* InfoPlist.strings */ = {
			isa = PBXVariantGroup;
			children = (
				794B4FED1908136B00A114CF /* en */,
			);
			name = InfoPlist.strings;
			sourceTree = "<group>";
		};
		794B4FF51908136B00A114CF /* Main.storyboard */ = {
			isa = PBXVariantGroup;
			children = (
				794B4FF61908136B00A114CF /* Base */,
			);
			name = Main.storyboard;
			sourceTree = "<group>";
		};
		794B500B1908136B00A114CF /* InfoPlist.strings */ = {
			isa = PBXVariantGroup;
			children = (
				794B500C1908136B00A114CF /* en */,
			);
			name = InfoPlist.strings;
			sourceTree = "<group>";
		};
/* End PBXVariantGroup section */

/* Begin XCBuildConfiguration section */
		794B50101908136B00A114CF /* Debug */ = {
			isa = XCBuildConfiguration;
			buildSettings = {
				ALWAYS_SEARCH_USER_PATHS = NO;
				CLANG_CXX_LANGUAGE_STANDARD = "gnu++0x";
				CLANG_CXX_LIBRARY = "libc++";
				CLANG_ENABLE_MODULES = YES;
				CLANG_ENABLE_OBJC_ARC = YES;
				CLANG_WARN_BOOL_CONVERSION = YES;
				CLANG_WARN_CONSTANT_CONVERSION = YES;
				CLANG_WARN_DIRECT_OBJC_ISA_USAGE = YES_ERROR;
				CLANG_WARN_EMPTY_BODY = YES;
				CLANG_WARN_ENUM_CONVERSION = YES;
				CLANG_WARN_INT_CONVERSION = YES;
				CLANG_WARN_OBJC_ROOT_CLASS = YES_ERROR;
				CLANG_WARN__DUPLICATE_METHOD_MATCH = YES;
				"CODE_SIGN_IDENTITY[sdk=iphoneos*]" = "iPhone Developer";
				COPY_PHASE_STRIP = NO;
				GCC_C_LANGUAGE_STANDARD = gnu99;
				GCC_DYNAMIC_NO_PIC = NO;
				GCC_OPTIMIZATION_LEVEL = 0;
				GCC_PREPROCESSOR_DEFINITIONS = (
					"DEBUG=1",
					"$(inherited)",
				);
				GCC_SYMBOLS_PRIVATE_EXTERN = NO;
				GCC_WARN_64_TO_32_BIT_CONVERSION = YES;
				GCC_WARN_ABOUT_RETURN_TYPE = YES_ERROR;
				GCC_WARN_UNDECLARED_SELECTOR = YES;
				GCC_WARN_UNINITIALIZED_AUTOS = YES_AGGRESSIVE;
				GCC_WARN_UNUSED_FUNCTION = YES;
				GCC_WARN_UNUSED_VARIABLE = YES;
				IPHONEOS_DEPLOYMENT_TARGET = 7.1;
				ONLY_ACTIVE_ARCH = YES;
				SDKROOT = iphoneos;
			};
			name = Debug;
		};
		794B50111908136B00A114CF /* Release */ = {
			isa = XCBuildConfiguration;
			buildSettings = {
				ALWAYS_SEARCH_USER_PATHS = NO;
				CLANG_CXX_LANGUAGE_STANDARD = "gnu++0x";
				CLANG_CXX_LIBRARY = "libc++";
				CLANG_ENABLE_MODULES = YES;
				CLANG_ENABLE_OBJC_ARC = YES;
				CLANG_WARN_BOOL_CONVERSION = YES;
				CLANG_WARN_CONSTANT_CONVERSION = YES;
				CLANG_WARN_DIRECT_OBJC_ISA_USAGE = YES_ERROR;
				CLANG_WARN_EMPTY_BODY = YES;
				CLANG_WARN_ENUM_CONVERSION = YES;
				CLANG_WARN_INT_CONVERSION = YES;
				CLANG_WARN_OBJC_ROOT_CLASS = YES_ERROR;
				CLANG_WARN__DUPLICATE_METHOD_MATCH = YES;
				"CODE_SIGN_IDENTITY[sdk=iphoneos*]" = "iPhone Developer";
				COPY_PHASE_STRIP = YES;
				ENABLE_NS_ASSERTIONS = NO;
				GCC_C_LANGUAGE_STANDARD = gnu99;
				GCC_WARN_64_TO_32_BIT_CONVERSION = YES;
				GCC_WARN_ABOUT_RETURN_TYPE = YES_ERROR;
				GCC_WARN_UNDECLARED_SELECTOR = YES;
				GCC_WARN_UNINITIALIZED_AUTOS = YES_AGGRESSIVE;
				GCC_WARN_UNUSED_FUNCTION = YES;
				GCC_WARN_UNUSED_VARIABLE = YES;
				IPHONEOS_DEPLOYMENT_TARGET = 7.1;
				SDKROOT = iphoneos;
				VALIDATE_PRODUCT = YES;
			};
			name = Release;
		};
		794B50131908136B00A114CF /* Debug */ = {
			isa = XCBuildConfiguration;
			buildSettings = {
				ASSETCATALOG_COMPILER_APPICON_NAME = AppIcon;
				ASSETCATALOG_COMPILER_LAUNCHIMAGE_NAME = LaunchImage;
				GCC_PRECOMPILE_PREFIX_HEADER = YES;
				GCC_PREFIX_HEADER = "HelloWorld/HelloWorld-Prefix.pch";
				INFOPLIST_FILE = "HelloWorld/HelloWorld-Info.plist";
				PRODUCT_NAME = "$(TARGET_NAME)";
				WRAPPER_EXTENSION = app;
			};
			name = Debug;
		};
		794B50141908136B00A114CF /* Release */ = {
			isa = XCBuildConfiguration;
			buildSettings = {
				ASSETCATALOG_COMPILER_APPICON_NAME = AppIcon;
				ASSETCATALOG_COMPILER_LAUNCHIMAGE_NAME = LaunchImage;
				GCC_PRECOMPILE_PREFIX_HEADER = YES;
				GCC_PREFIX_HEADER = "HelloWorld/HelloWorld-Prefix.pch";
				INFOPLIST_FILE = "HelloWorld/HelloWorld-Info.plist";
				PRODUCT_NAME = "$(TARGET_NAME)";
				WRAPPER_EXTENSION = app;
			};
			name = Release;
		};
		794B50161908136B00A114CF /* Debug */ = {
			isa = XCBuildConfiguration;
			buildSettings = {
				BUNDLE_LOADER = "$(BUILT_PRODUCTS_DIR)/HelloWorld.app/HelloWorld";
				FRAMEWORK_SEARCH_PATHS = (
					"$(SDKROOT)/Developer/Library/Frameworks",
					"$(inherited)",
					"$(DEVELOPER_FRAMEWORKS_DIR)",
				);
				GCC_PRECOMPILE_PREFIX_HEADER = YES;
				GCC_PREFIX_HEADER = "HelloWorld/HelloWorld-Prefix.pch";
				GCC_PREPROCESSOR_DEFINITIONS = (
					"DEBUG=1",
					"$(inherited)",
				);
				INFOPLIST_FILE = "HelloWorldTests/HelloWorldTests-Info.plist";
				PRODUCT_NAME = "$(TARGET_NAME)";
				TEST_HOST = "$(BUNDLE_LOADER)";
				WRAPPER_EXTENSION = xctest;
			};
			name = Debug;
		};
		794B50171908136B00A114CF /* Release */ = {
			isa = XCBuildConfiguration;
			buildSettings = {
				BUNDLE_LOADER = "$(BUILT_PRODUCTS_DIR)/HelloWorld.app/HelloWorld";
				FRAMEWORK_SEARCH_PATHS = (
					"$(SDKROOT)/Developer/Library/Frameworks",
					"$(inherited)",
					"$(DEVELOPER_FRAMEWORKS_DIR)",
				);
				GCC_PRECOMPILE_PREFIX_HEADER = YES;
				GCC_PREFIX_HEADER = "HelloWorld/HelloWorld-Prefix.pch";
				INFOPLIST_FILE = "HelloWorldTests/HelloWorldTests-Info.plist";
				PRODUCT_NAME = "$(TARGET_NAME)";
				TEST_HOST = "$(BUNDLE_LOADER)";
				WRAPPER_EXTENSION = xctest;
			};
			name = Release;
		};
/* End XCBuildConfiguration section */

/* Begin XCConfigurationList section */
		794B4FDB1908136B00A114CF /* Build configuration list for PBXProject "HelloWorld" */ = {
			isa = XCConfigurationList;
			buildConfigurations = (
				794B50101908136B00A114CF /* Debug */,
				794B50111908136B00A114CF /* Release */,
			);
			defaultConfigurationIsVisible = 0;
			defaultConfigurationName = Release;
		};
		794B50121908136B00A114CF /* Build configuration list for PBXNativeTarget "HelloWorld" */ = {
			isa = XCConfigurationList;
			buildConfigurations = (
				794B50131908136B00A114CF /* Debug */,
				794B50141908136B00A114CF /* Release */,
			);
			defaultConfigurationIsVisible = 0;
		};
		794B50151908136B00A114CF /* Build configuration list for PBXNativeTarget "HelloWorldTests" */ = {
			isa = XCConfigurationList;
			buildConfigurations = (
				794B50161908136B00A114CF /* Debug */,
				794B50171908136B00A114CF /* Release */,
			);
			defaultConfigurationIsVisible = 0;
		};
/* End XCConfigurationList section */
	};
	rootObject = 794B4FD81908136B00A114CF /* Project object */;
}
